# Reviewed 2026-09-30 against Debian trixie and trixie-security metadata.
gzip=1.13-1+deb13u1
libc6=2.41-12+deb13u4
libc-bin=2.41-12+deb13u4
libc-l10n=2.41-12+deb13u4
locales=2.41-12+deb13u4
libssl3t64=3.5.7-1~deb13u3
openssl=3.5.7-1~deb13u3
openssl-provider-legacy=3.5.7-1~deb13u3
perl-base=5.40.1-6+deb13u1
perl=5.40.1-6+deb13u1
libperl5.40=5.40.1-6+deb13u1
perl-modules-5.40=5.40.1-6+deb13u1
libpcre2-8-0=10.46-1~deb13u3
libsqlite3-0=3.46.1-7+deb13u2
